// !$*UTF8*$!
{
	archiveVersion = 1;
	classes = {
	};
	objectVersion = 56;
	objects = {

/* Begin PBXBuildFile section */
		E1071F6E2B9E855D004CFCAB /* GoogleService-Info.plist in Resources */ = {isa = PBXBuildFile; fileRef = E1071F6D2B9E855D004CFCAB /* GoogleService-Info.plist */; };
		E1071F722B9E8B0F004CFCAB /* ContaRepository.swift in Sources */ = {isa = PBXBuildFile; fileRef = E1071F712B9E8B0F004CFCAB /* ContaRepository.swift */; };
		E1071F752B9E8B83004CFCAB /* ContaModel.swift in Sources */ = {isa = PBXBuildFile; fileRef = E1071F742B9E8B83004CFCAB /* ContaModel.swift */; };
		E1071F782B9E9939004CFCAB /* ContaViewModel.swift in Sources */ = {isa = PBXBuildFile; fileRef = E1071F772B9E9939004CFCAB /* ContaViewModel.swift */; };
		E1071F7C2B9FC3C7004CFCAB /* ContaListaScreen.swift in Sources */ = {isa = PBXBuildFile; fileRef = E1071F7B2B9FC3C7004CFCAB /* ContaListaScreen.swift */; };
		E1071F7E2B9FC791004CFCAB /* ContaDetalheView.swift in Sources */ = {isa = PBXBuildFile; fileRef = E1071F7D2B9FC791004CFCAB /* ContaDetalheView.swift */; };
		E1071F802BA67C7D004CFCAB /* ContaAddEditView.swift in Sources */ = {isa = PBXBuildFile; fileRef = E1071F7F2BA67C7D004CFCAB /* ContaAddEditView.swift */; };
		E1071F822BA68305004CFCAB /* ContaRepository+Injection.swift in Sources */ = {isa = PBXBuildFile; fileRef = E1071F812BA68305004CFCAB /* ContaRepository+Injection.swift */; };
		E1071F852BA685FC004CFCAB /* Factory in Frameworks */ = {isa = PBXBuildFile; productRef = E1071F842BA685FC004CFCAB /* Factory */; };
		E1071F882BA68937004CFCAB /* Firebase+Injection.swift in Sources */ = {isa = PBXBuildFile; fileRef = E1071F872BA68937004CFCAB /* Firebase+Injection.swift */; };
		E1071F902BA89C9F004CFCAB /* BancoModel.swift in Sources */ = {isa = PBXBuildFile; fileRef = E1071F8F2BA89C9F004CFCAB /* BancoModel.swift */; };
		E1071F922BA89E88004CFCAB /* BancoRepository.swift in Sources */ = {isa = PBXBuildFile; fileRef = E1071F912BA89E88004CFCAB /* BancoRepository.swift */; };
		E1071F952BA8B20D004CFCAB /* BancoRepository+Injection.swift in Sources */ = {isa = PBXBuildFile; fileRef = E1071F942BA8B20D004CFCAB /* BancoRepository+Injection.swift */; };
		E1071F972BA8B33E004CFCAB /* BancoListaScreen.swift in Sources */ = {isa = PBXBuildFile; fileRef = E1071F962BA8B33E004CFCAB /* BancoListaScreen.swift */; };
		E1071F992BA8B42C004CFCAB /* BancoDetalheView.swift in Sources */ = {isa = PBXBuildFile; fileRef = E1071F982BA8B42C004CFCAB /* BancoDetalheView.swift */; };
		E1071F9B2BA8B491004CFCAB /* BancoAddEditView.swift in Sources */ = {isa = PBXBuildFile; fileRef = E1071F9A2BA8B491004CFCAB /* BancoAddEditView.swift */; };
		E1071F9D2BA8B6D4004CFCAB /* BancoViewModel.swift in Sources */ = {isa = PBXBuildFile; fileRef = E1071F9C2BA8B6D4004CFCAB /* BancoViewModel.swift */; };
		E1071FA02BAA5D1E004CFCAB /* AppTheme.swift in Sources */ = {isa = PBXBuildFile; fileRef = E1071F9F2BAA5D1E004CFCAB /* AppTheme.swift */; };
		E1071FA32BAA5EC4004CFCAB /* AppCheck.swift in Sources */ = {isa = PBXBuildFile; fileRef = E1071FA22BAA5EC4004CFCAB /* AppCheck.swift */; };
		E1071FA82BAA61C1004CFCAB /* OrcamentoScreen.swift in Sources */ = {isa = PBXBuildFile; fileRef = E1071FA72BAA61C1004CFCAB /* OrcamentoScreen.swift */; };
		E1071FAC2BAB0D1C004CFCAB /* GaugeStyle.swift in Sources */ = {isa = PBXBuildFile; fileRef = E1071FAB2BAB0D1C004CFCAB /* GaugeStyle.swift */; };
		E113659A2BC36E9900C58F01 /* SFSymbolsPicker in Frameworks */ = {isa = PBXBuildFile; productRef = E11365992BC36E9900C58F01 /* SFSymbolsPicker */; };
		E11365A12BC4CACF00C58F01 /* MenuListaScreen.swift in Sources */ = {isa = PBXBuildFile; fileRef = E11365A02BC4CACF00C58F01 /* MenuListaScreen.swift */; };
		E11365A32BC5FC0200C58F01 /* MenuPrincipalModel.swift in Sources */ = {isa = PBXBuildFile; fileRef = E11365A22BC5FC0200C58F01 /* MenuPrincipalModel.swift */; };
		E11365A52BC6051500C58F01 /* MenuPrincipalItemView.swift in Sources */ = {isa = PBXBuildFile; fileRef = E11365A42BC6051500C58F01 /* MenuPrincipalItemView.swift */; };
		E11365A92BC89C2600C58F01 /* SettingsScreen.swift in Sources */ = {isa = PBXBuildFile; fileRef = E11365A82BC89C2600C58F01 /* SettingsScreen.swift */; };
		E11365AB2BC89CF800C58F01 /* UserProfileView.swift in Sources */ = {isa = PBXBuildFile; fileRef = E11365AA2BC89CF800C58F01 /* UserProfileView.swift */; };
		E11365AD2BC89D1B00C58F01 /* AuthenticationView.swift in Sources */ = {isa = PBXBuildFile; fileRef = E11365AC2BC89D1B00C58F01 /* AuthenticationView.swift */; };
		E11365B02BCADD8500C58F01 /* SettingsViewModel.swift in Sources */ = {isa = PBXBuildFile; fileRef = E11365AF2BCADD8500C58F01 /* SettingsViewModel.swift */; };
		E132FC382B97FE6000183725 /* TabBarController.swift in Sources */ = {isa = PBXBuildFile; fileRef = E132FC372B97FE6000183725 /* TabBarController.swift */; };
		E132FC3B2B98001D00183725 /* TabBarView.swift in Sources */ = {isa = PBXBuildFile; fileRef = E132FC3A2B98001D00183725 /* TabBarView.swift */; };
		E132FC3D2B9800FE00183725 /* TabBarItemView.swift in Sources */ = {isa = PBXBuildFile; fileRef = E132FC3C2B9800FE00183725 /* TabBarItemView.swift */; };
		E1541B512BB3155600AB4184 /* CategoriaModel.swift in Sources */ = {isa = PBXBuildFile; fileRef = E1541B502BB3155600AB4184 /* CategoriaModel.swift */; };
		E1541B532BB3171A00AB4184 /* CategoriaRepository.swift in Sources */ = {isa = PBXBuildFile; fileRef = E1541B522BB3171A00AB4184 /* CategoriaRepository.swift */; };
		E1541B552BB31B6300AB4184 /* Repository+Injection.swift in Sources */ = {isa = PBXBuildFile; fileRef = E1541B542BB31B6300AB4184 /* Repository+Injection.swift */; };
		E1541B572BB4655900AB4184 /* CategoriaListaScreen.swift in Sources */ = {isa = PBXBuildFile; fileRef = E1541B562BB4655900AB4184 /* CategoriaListaScreen.swift */; };
		E1541B592BB466CE00AB4184 /* CategoriaDetalheView.swift in Sources */ = {isa = PBXBuildFile; fileRef = E1541B582BB466CE00AB4184 /* CategoriaDetalheView.swift */; };
		E1541B5B2BB466E600AB4184 /* CategoriaAddEditView.swift in Sources */ = {isa = PBXBuildFile; fileRef = E1541B5A2BB466E600AB4184 /* CategoriaAddEditView.swift */; };
		E1541B5D2BB4670000AB4184 /* CategoriaViewModel.swift in Sources */ = {isa = PBXBuildFile; fileRef = E1541B5C2BB4670000AB4184 /* CategoriaViewModel.swift */; };
		E1541B622BB64F7900AB4184 /* TransacaoRepository.swift in Sources */ = {isa = PBXBuildFile; fileRef = E1541B612BB64F7900AB4184 /* TransacaoRepository.swift */; };
		E1541B642BB64FA200AB4184 /* TransacaoRepository+Injection.swift in Sources */ = {isa = PBXBuildFile; fileRef = E1541B632BB64FA200AB4184 /* TransacaoRepository+Injection.swift */; };
		E1541B662BB651AA00AB4184 /* TransacaoViewModel.swift in Sources */ = {isa = PBXBuildFile; fileRef = E1541B652BB651AA00AB4184 /* TransacaoViewModel.swift */; };
		E1541B6E2BB7911000AB4184 /* PerfilModel.swift in Sources */ = {isa = PBXBuildFile; fileRef = E1541B6D2BB7911000AB4184 /* PerfilModel.swift */; };
		E1541B702BB7936F00AB4184 /* PerfilRepository.swift in Sources */ = {isa = PBXBuildFile; fileRef = E1541B6F2BB7936F00AB4184 /* PerfilRepository.swift */; };
		E1541B722BB7941400AB4184 /* PerfilRepository+Injection.swift in Sources */ = {isa = PBXBuildFile; fileRef = E1541B712BB7941400AB4184 /* PerfilRepository+Injection.swift */; };
		E1541B742BB7949C00AB4184 /* PerfilViewModel.swift in Sources */ = {isa = PBXBuildFile; fileRef = E1541B732BB7949C00AB4184 /* PerfilViewModel.swift */; };
		E1541B762BB79A5900AB4184 /* PerfilDetalheView.swift in Sources */ = {isa = PBXBuildFile; fileRef = E1541B752BB79A5900AB4184 /* PerfilDetalheView.swift */; };
		E1541B782BB79A6C00AB4184 /* PerfilListaScreen.swift in Sources */ = {isa = PBXBuildFile; fileRef = E1541B772BB79A6C00AB4184 /* PerfilListaScreen.swift */; };
		E1541B7A2BB85DDF00AB4184 /* PerfilAddEditView.swift in Sources */ = {isa = PBXBuildFile; fileRef = E1541B792BB85DDF00AB4184 /* PerfilAddEditView.swift */; };
		E1541B7C2BB8639B00AB4184 /* TransacaoListaScreen.swift in Sources */ = {isa = PBXBuildFile; fileRef = E1541B7B2BB8639B00AB4184 /* TransacaoListaScreen.swift */; };
		E1541B7E2BB8671900AB4184 /* TransacaoAddEditView.swift in Sources */ = {isa = PBXBuildFile; fileRef = E1541B7D2BB8671900AB4184 /* TransacaoAddEditView.swift */; };
		E16FC5032B91563700929946 /* LoginScreen.swift in Sources */ = {isa = PBXBuildFile; fileRef = E16FC5022B91563700929946 /* LoginScreen.swift */; };
		E16FC5062B915AC100929946 /* LoginViewModel.swift in Sources */ = {isa = PBXBuildFile; fileRef = E16FC5052B915AC100929946 /* LoginViewModel.swift */; };
		E16FC51F2B94D06800929946 /* CalendarExtension.swift in Sources */ = {isa = PBXBuildFile; fileRef = E16FC51E2B94D06800929946 /* CalendarExtension.swift */; };
		E16FC5212B94D08600929946 /* DateExtension.swift in Sources */ = {isa = PBXBuildFile; fileRef = E16FC5202B94D08600929946 /* DateExtension.swift */; };
		E16FC5232B94D0CC00929946 /* StringExtension.swift in Sources */ = {isa = PBXBuildFile; fileRef = E16FC5222B94D0CC00929946 /* StringExtension.swift */; };
		E16FC5312B968A7000929946 /* HomeTabsScreen.swift in Sources */ = {isa = PBXBuildFile; fileRef = E16FC5302B968A7000929946 /* HomeTabsScreen.swift */; };
		E17678882B8EA44D00913490 /* GeldApp.swift in Sources */ = {isa = PBXBuildFile; fileRef = E17678872B8EA44D00913490 /* GeldApp.swift */; };
		E176788A2B8EA44D00913490 /* ContentView.swift in Sources */ = {isa = PBXBuildFile; fileRef = E17678892B8EA44D00913490 /* ContentView.swift */; };
		E176788C2B8EA45600913490 /* Assets.xcassets in Resources */ = {isa = PBXBuildFile; fileRef = E176788B2B8EA45600913490 /* Assets.xcassets */; };
		E176788F2B8EA45600913490 /* Preview Assets.xcassets in Resources */ = {isa = PBXBuildFile; fileRef = E176788E2B8EA45600913490 /* Preview Assets.xcassets */; };
		E17678972B8EAAD800913490 /* FirebaseAnalytics in Frameworks */ = {isa = PBXBuildFile; productRef = E17678962B8EAAD800913490 /* FirebaseAnalytics */; };
		E17678992B8EAAD800913490 /* FirebaseAnalyticsOnDeviceConversion in Frameworks */ = {isa = PBXBuildFile; productRef = E17678982B8EAAD800913490 /* FirebaseAnalyticsOnDeviceConversion */; };
		E176789B2B8EAAD800913490 /* FirebaseAnalyticsSwift in Frameworks */ = {isa = PBXBuildFile; productRef = E176789A2B8EAAD800913490 /* FirebaseAnalyticsSwift */; };
		E176789D2B8EAAD800913490 /* FirebaseAnalyticsWithoutAdIdSupport in Frameworks */ = {isa = PBXBuildFile; productRef = E176789C2B8EAAD800913490 /* FirebaseAnalyticsWithoutAdIdSupport */; };
		E176789F2B8EAAD800913490 /* FirebaseAppCheck in Frameworks */ = {isa = PBXBuildFile; productRef = E176789E2B8EAAD800913490 /* FirebaseAppCheck */; };
		E17678A12B8EAAD800913490 /* FirebaseAppDistribution-Beta in Frameworks */ = {isa = PBXBuildFile; productRef = E17678A02B8EAAD800913490 /* FirebaseAppDistribution-Beta */; };
		E17678A32B8EAAD800913490 /* FirebaseAuth in Frameworks */ = {isa = PBXBuildFile; productRef = E17678A22B8EAAD800913490 /* FirebaseAuth */; };
		E17678A52B8EAAD800913490 /* FirebaseAuthCombine-Community in Frameworks */ = {isa = PBXBuildFile; productRef = E17678A42B8EAAD800913490 /* FirebaseAuthCombine-Community */; };
		E17678A72B8EAAD800913490 /* FirebaseCrashlytics in Frameworks */ = {isa = PBXBuildFile; productRef = E17678A62B8EAAD800913490 /* FirebaseCrashlytics */; };
		E17678A92B8EAAD800913490 /* FirebaseDatabase in Frameworks */ = {isa = PBXBuildFile; productRef = E17678A82B8EAAD800913490 /* FirebaseDatabase */; };
		E17678AB2B8EAAD800913490 /* FirebaseDatabaseSwift in Frameworks */ = {isa = PBXBuildFile; productRef = E17678AA2B8EAAD800913490 /* FirebaseDatabaseSwift */; };
		E17678AD2B8EAAD800913490 /* FirebaseDynamicLinks in Frameworks */ = {isa = PBXBuildFile; productRef = E17678AC2B8EAAD800913490 /* FirebaseDynamicLinks */; };
		E17678AF2B8EAAD800913490 /* FirebaseFirestore in Frameworks */ = {isa = PBXBuildFile; productRef = E17678AE2B8EAAD800913490 /* FirebaseFirestore */; };
		E17678B12B8EAAD800913490 /* FirebaseFirestoreCombine-Community in Frameworks */ = {isa = PBXBuildFile; productRef = E17678B02B8EAAD800913490 /* FirebaseFirestoreCombine-Community */; };
		E17678B32B8EAAD800913490 /* FirebaseFirestoreSwift in Frameworks */ = {isa = PBXBuildFile; productRef = E17678B22B8EAAD800913490 /* FirebaseFirestoreSwift */; };
		E17678B52B8EAAD800913490 /* FirebaseFunctions in Frameworks */ = {isa = PBXBuildFile; productRef = E17678B42B8EAAD800913490 /* FirebaseFunctions */; };
		E17678B72B8EAAD800913490 /* FirebaseFunctionsCombine-Community in Frameworks */ = {isa = PBXBuildFile; productRef = E17678B62B8EAAD800913490 /* FirebaseFunctionsCombine-Community */; };
		E17678B92B8EAAD800913490 /* FirebaseInAppMessaging-Beta in Frameworks */ = {isa = PBXBuildFile; productRef = E17678B82B8EAAD800913490 /* FirebaseInAppMessaging-Beta */; };
		E17678BB2B8EAAD800913490 /* FirebaseInAppMessagingSwift-Beta in Frameworks */ = {isa = PBXBuildFile; productRef = E17678BA2B8EAAD800913490 /* FirebaseInAppMessagingSwift-Beta */; };
		E17678BD2B8EAAD800913490 /* FirebaseInstallations in Frameworks */ = {isa = PBXBuildFile; productRef = E17678BC2B8EAAD800913490 /* FirebaseInstallations */; };
		E17678BF2B8EAAD800913490 /* FirebaseMLModelDownloader in Frameworks */ = {isa = PBXBuildFile; productRef = E17678BE2B8EAAD800913490 /* FirebaseMLModelDownloader */; };
		E17678C12B8EAAD800913490 /* FirebaseMessaging in Frameworks */ = {isa = PBXBuildFile; productRef = E17678C02B8EAAD800913490 /* FirebaseMessaging */; };
		E17678C32B8EAAD800913490 /* FirebasePerformance in Frameworks */ = {isa = PBXBuildFile; productRef = E17678C22B8EAAD800913490 /* FirebasePerformance */; };
		E17678C52B8EAAD800913490 /* FirebaseRemoteConfig in Frameworks */ = {isa = PBXBuildFile; productRef = E17678C42B8EAAD800913490 /* FirebaseRemoteConfig */; };
		E17678C72B8EAAD800913490 /* FirebaseRemoteConfigSwift in Frameworks */ = {isa = PBXBuildFile; productRef = E17678C62B8EAAD800913490 /* FirebaseRemoteConfigSwift */; };
		E17678C92B8EAAD800913490 /* FirebaseStorage in Frameworks */ = {isa = PBXBuildFile; productRef = E17678C82B8EAAD800913490 /* FirebaseStorage */; };
		E17678CB2B8EAAD800913490 /* FirebaseStorageCombine-Community in Frameworks */ = {isa = PBXBuildFile; productRef = E17678CA2B8EAAD800913490 /* FirebaseStorageCombine-Community */; };
		E17678CE2B8EAE3900913490 /* .swiftlint.yml in Resources */ = {isa = PBXBuildFile; fileRef = E17678CD2B8EAE3900913490 /* .swiftlint.yml */; };
		E17678D22B8EB9B000913490 /* Localizable.xcstrings in Resources */ = {isa = PBXBuildFile; fileRef = E17678D12B8EB9B000913490 /* Localizable.xcstrings */; };
		E1BF0ABA2BB100A80084D28F /* TransacaoModel.swift in Sources */ = {isa = PBXBuildFile; fileRef = E1BF0AB92BB100A80084D28F /* TransacaoModel.swift */; };
		E1BF0ABD2BB1069B0084D28F /* TransacaoDetalheView.swift in Sources */ = {isa = PBXBuildFile; fileRef = E1BF0ABC2BB1069B0084D28F /* TransacaoDetalheView.swift */; };
		E1BF0ABF2BB1DE7A0084D28F /* TransacaoHomeListaView.swift in Sources */ = {isa = PBXBuildFile; fileRef = E1BF0ABE2BB1DE7A0084D28F /* TransacaoHomeListaView.swift */; };
		E1BF0AC12BB1F2200084D28F /* HomeScreen.swift in Sources */ = {isa = PBXBuildFile; fileRef = E1BF0AC02BB1F2200084D28F /* HomeScreen.swift */; };
		E1BF0AC32BB1FB770084D28F /* ColorExtension.swift in Sources */ = {isa = PBXBuildFile; fileRef = E1BF0AC22BB1FB770084D28F /* ColorExtension.swift */; };
		E1EB07EB2BD1DA2C007A8D49 /* MenuGavetaView.swift in Sources */ = {isa = PBXBuildFile; fileRef = E1EB07EA2BD1DA2C007A8D49 /* MenuGavetaView.swift */; };
/* End PBXBuildFile section */

/* Begin PBXFileReference section */
		E1071F6D2B9E855D004CFCAB /* GoogleService-Info.plist */ = {isa = PBXFileReference; fileEncoding = 4; lastKnownFileType = text.plist.xml; path = "GoogleService-Info.plist"; sourceTree = "<group>"; };
		E1071F712B9E8B0F004CFCAB /* ContaRepository.swift */ = {isa = PBXFileReference; lastKnownFileType = sourcecode.swift; path = ContaRepository.swift; sourceTree = "<group>"; };
		E1071F742B9E8B83004CFCAB /* ContaModel.swift */ = {isa = PBXFileReference; lastKnownFileType = sourcecode.swift; path = ContaModel.swift; sourceTree = "<group>"; };
		E1071F772B9E9939004CFCAB /* ContaViewModel.swift */ = {isa = PBXFileReference; lastKnownFileType = sourcecode.swift; path = ContaViewModel.swift; sourceTree = "<group>"; };
		E1071F7B2B9FC3C7004CFCAB /* ContaListaScreen.swift */ = {isa = PBXFileReference; lastKnownFileType = sourcecode.swift; path = ContaListaScreen.swift; sourceTree = "<group>"; };
		E1071F7D2B9FC791004CFCAB /* ContaDetalheView.swift */ = {isa = PBXFileReference; lastKnownFileType = sourcecode.swift; path = ContaDetalheView.swift; sourceTree = "<group>"; };
		E1071F7F2BA67C7D004CFCAB /* ContaAddEditView.swift */ = {isa = PBXFileReference; lastKnownFileType = sourcecode.swift; path = ContaAddEditView.swift; sourceTree = "<group>"; };
		E1071F812BA68305004CFCAB /* ContaRepository+Injection.swift */ = {isa = PBXFileReference; lastKnownFileType = sourcecode.swift; path = "ContaRepository+Injection.swift"; sourceTree = "<group>"; };
		E1071F872BA68937004CFCAB /* Firebase+Injection.swift */ = {isa = PBXFileReference; lastKnownFileType = sourcecode.swift; path = "Firebase+Injection.swift"; sourceTree = "<group>"; };
		E1071F8F2BA89C9F004CFCAB /* BancoModel.swift */ = {isa = PBXFileReference; lastKnownFileType = sourcecode.swift; path = BancoModel.swift; sourceTree = "<group>"; };
		E1071F912BA89E88004CFCAB /* BancoRepository.swift */ = {isa = PBXFileReference; lastKnownFileType = sourcecode.swift; path = BancoRepository.swift; sourceTree = "<group>"; };
		E1071F942BA8B20D004CFCAB /* BancoRepository+Injection.swift */ = {isa = PBXFileReference; lastKnownFileType = sourcecode.swift; path = "BancoRepository+Injection.swift"; sourceTree = "<group>"; };
		E1071F962BA8B33E004CFCAB /* BancoListaScreen.swift */ = {isa = PBXFileReference; lastKnownFileType = sourcecode.swift; path = BancoListaScreen.swift; sourceTree = "<group>"; };
		E1071F982BA8B42C004CFCAB /* BancoDetalheView.swift */ = {isa = PBXFileReference; lastKnownFileType = sourcecode.swift; path = BancoDetalheView.swift; sourceTree = "<group>"; };
		E1071F9A2BA8B491004CFCAB /* BancoAddEditView.swift */ = {isa = PBXFileReference; lastKnownFileType = sourcecode.swift; path = BancoAddEditView.swift; sourceTree = "<group>"; };
		E1071F9C2BA8B6D4004CFCAB /* BancoViewModel.swift */ = {isa = PBXFileReference; lastKnownFileType = sourcecode.swift; path = BancoViewModel.swift; sourceTree = "<group>"; };
		E1071F9F2BAA5D1E004CFCAB /* AppTheme.swift */ = {isa = PBXFileReference; lastKnownFileType = sourcecode.swift; path = AppTheme.swift; sourceTree = "<group>"; };
		E1071FA22BAA5EC4004CFCAB /* AppCheck.swift */ = {isa = PBXFileReference; lastKnownFileType = sourcecode.swift; path = AppCheck.swift; sourceTree = "<group>"; };
		E1071FA72BAA61C1004CFCAB /* OrcamentoScreen.swift */ = {isa = PBXFileReference; lastKnownFileType = sourcecode.swift; path = OrcamentoScreen.swift; sourceTree = "<group>"; };
		E1071FAB2BAB0D1C004CFCAB /* GaugeStyle.swift */ = {isa = PBXFileReference; lastKnownFileType = sourcecode.swift; path = GaugeStyle.swift; sourceTree = "<group>"; };
		E11365A02BC4CACF00C58F01 /* MenuListaScreen.swift */ = {isa = PBXFileReference; lastKnownFileType = sourcecode.swift; path = MenuListaScreen.swift; sourceTree = "<group>"; };
		E11365A22BC5FC0200C58F01 /* MenuPrincipalModel.swift */ = {isa = PBXFileReference; lastKnownFileType = sourcecode.swift; path = MenuPrincipalModel.swift; sourceTree = "<group>"; };
		E11365A42BC6051500C58F01 /* MenuPrincipalItemView.swift */ = {isa = PBXFileReference; lastKnownFileType = sourcecode.swift; path = MenuPrincipalItemView.swift; sourceTree = "<group>"; };
		E11365A82BC89C2600C58F01 /* SettingsScreen.swift */ = {isa = PBXFileReference; lastKnownFileType = sourcecode.swift; path = SettingsScreen.swift; sourceTree = "<group>"; };
		E11365AA2BC89CF800C58F01 /* UserProfileView.swift */ = {isa = PBXFileReference; lastKnownFileType = sourcecode.swift; path = UserProfileView.swift; sourceTree = "<group>"; };
		E11365AC2BC89D1B00C58F01 /* AuthenticationView.swift */ = {isa = PBXFileReference; lastKnownFileType = sourcecode.swift; path = AuthenticationView.swift; sourceTree = "<group>"; };
		E11365AF2BCADD8500C58F01 /* SettingsViewModel.swift */ = {isa = PBXFileReference; lastKnownFileType = sourcecode.swift; path = SettingsViewModel.swift; sourceTree = "<group>"; };
		E132FC372B97FE6000183725 /* TabBarController.swift */ = {isa = PBXFileReference; lastKnownFileType = sourcecode.swift; path = TabBarController.swift; sourceTree = "<group>"; };
		E132FC3A2B98001D00183725 /* TabBarView.swift */ = {isa = PBXFileReference; lastKnownFileType = sourcecode.swift; path = TabBarView.swift; sourceTree = "<group>"; };
		E132FC3C2B9800FE00183725 /* TabBarItemView.swift */ = {isa = PBXFileReference; lastKnownFileType = sourcecode.swift; path = TabBarItemView.swift; sourceTree = "<group>"; };
		E1541B502BB3155600AB4184 /* CategoriaModel.swift */ = {isa = PBXFileReference; lastKnownFileType = sourcecode.swift; path = CategoriaModel.swift; sourceTree = "<group>"; };
		E1541B522BB3171A00AB4184 /* CategoriaRepository.swift */ = {isa = PBXFileReference; lastKnownFileType = sourcecode.swift; path = CategoriaRepository.swift; sourceTree = "<group>"; };
		E1541B542BB31B6300AB4184 /* Repository+Injection.swift */ = {isa = PBXFileReference; lastKnownFileType = sourcecode.swift; path = "Repository+Injection.swift"; sourceTree = "<group>"; };
		E1541B562BB4655900AB4184 /* CategoriaListaScreen.swift */ = {isa = PBXFileReference; lastKnownFileType = sourcecode.swift; path = CategoriaListaScreen.swift; sourceTree = "<group>"; };
		E1541B582BB466CE00AB4184 /* CategoriaDetalheView.swift */ = {isa = PBXFileReference; lastKnownFileType = sourcecode.swift; path = CategoriaDetalheView.swift; sourceTree = "<group>"; };
		E1541B5A2BB466E600AB4184 /* CategoriaAddEditView.swift */ = {isa = PBXFileReference; lastKnownFileType = sourcecode.swift; path = CategoriaAddEditView.swift; sourceTree = "<group>"; };
		E1541B5C2BB4670000AB4184 /* CategoriaViewModel.swift */ = {isa = PBXFileReference; lastKnownFileType = sourcecode.swift; path = CategoriaViewModel.swift; sourceTree = "<group>"; };
		E1541B612BB64F7900AB4184 /* TransacaoRepository.swift */ = {isa = PBXFileReference; lastKnownFileType = sourcecode.swift; path = TransacaoRepository.swift; sourceTree = "<group>"; };
		E1541B632BB64FA200AB4184 /* TransacaoRepository+Injection.swift */ = {isa = PBXFileReference; lastKnownFileType = sourcecode.swift; path = "TransacaoRepository+Injection.swift"; sourceTree = "<group>"; };
		E1541B652BB651AA00AB4184 /* TransacaoViewModel.swift */ = {isa = PBXFileReference; lastKnownFileType = sourcecode.swift; path = TransacaoViewModel.swift; sourceTree = "<group>"; };
		E1541B6D2BB7911000AB4184 /* PerfilModel.swift */ = {isa = PBXFileReference; lastKnownFileType = sourcecode.swift; path = PerfilModel.swift; sourceTree = "<group>"; };
		E1541B6F2BB7936F00AB4184 /* PerfilRepository.swift */ = {isa = PBXFileReference; lastKnownFileType = sourcecode.swift; path = PerfilRepository.swift; sourceTree = "<group>"; };
		E1541B712BB7941400AB4184 /* PerfilRepository+Injection.swift */ = {isa = PBXFileReference; lastKnownFileType = sourcecode.swift; path = "PerfilRepository+Injection.swift"; sourceTree = "<group>"; };
		E1541B732BB7949C00AB4184 /* PerfilViewModel.swift */ = {isa = PBXFileReference; lastKnownFileType = sourcecode.swift; path = PerfilViewModel.swift; sourceTree = "<group>"; };
		E1541B752BB79A5900AB4184 /* PerfilDetalheView.swift */ = {isa = PBXFileReference; lastKnownFileType = sourcecode.swift; path = PerfilDetalheView.swift; sourceTree = "<group>"; };
		E1541B772BB79A6C00AB4184 /* PerfilListaScreen.swift */ = {isa = PBXFileReference; lastKnownFileType = sourcecode.swift; path = PerfilListaScreen.swift; sourceTree = "<group>"; };
		E1541B792BB85DDF00AB4184 /* PerfilAddEditView.swift */ = {isa = PBXFileReference; lastKnownFileType = sourcecode.swift; path = PerfilAddEditView.swift; sourceTree = "<group>"; };
		E1541B7B2BB8639B00AB4184 /* TransacaoListaScreen.swift */ = {isa = PBXFileReference; lastKnownFileType = sourcecode.swift; path = TransacaoListaScreen.swift; sourceTree = "<group>"; };
		E1541B7D2BB8671900AB4184 /* TransacaoAddEditView.swift */ = {isa = PBXFileReference; lastKnownFileType = sourcecode.swift; path = TransacaoAddEditView.swift; sourceTree = "<group>"; };
		E16FC5022B91563700929946 /* LoginScreen.swift */ = {isa = PBXFileReference; lastKnownFileType = sourcecode.swift; path = LoginScreen.swift; sourceTree = "<group>"; };
		E16FC5052B915AC100929946 /* LoginViewModel.swift */ = {isa = PBXFileReference; lastKnownFileType = sourcecode.swift; path = LoginViewModel.swift; sourceTree = "<group>"; };
		E16FC51E2B94D06800929946 /* CalendarExtension.swift */ = {isa = PBXFileReference; lastKnownFileType = sourcecode.swift; path = CalendarExtension.swift; sourceTree = "<group>"; };
		E16FC5202B94D08600929946 /* DateExtension.swift */ = {isa = PBXFileReference; lastKnownFileType = sourcecode.swift; path = DateExtension.swift; sourceTree = "<group>"; };
		E16FC5222B94D0CC00929946 /* StringExtension.swift */ = {isa = PBXFileReference; lastKnownFileType = sourcecode.swift; path = StringExtension.swift; sourceTree = "<group>"; };
		E16FC5302B968A7000929946 /* HomeTabsScreen.swift */ = {isa = PBXFileReference; lastKnownFileType = sourcecode.swift; path = HomeTabsScreen.swift; sourceTree = "<group>"; };
		E17678842B8EA44D00913490 /* Geld.app */ = {isa = PBXFileReference; explicitFileType = wrapper.application; includeInIndex = 0; path = Geld.app; sourceTree = BUILT_PRODUCTS_DIR; };
		E17678872B8EA44D00913490 /* GeldApp.swift */ = {isa = PBXFileReference; lastKnownFileType = sourcecode.swift; path = GeldApp.swift; sourceTree = "<group>"; };
		E17678892B8EA44D00913490 /* ContentView.swift */ = {isa = PBXFileReference; lastKnownFileType = sourcecode.swift; path = ContentView.swift; sourceTree = "<group>"; };
		E176788B2B8EA45600913490 /* Assets.xcassets */ = {isa = PBXFileReference; lastKnownFileType = folder.assetcatalog; path = Assets.xcassets; sourceTree = "<group>"; };
		E176788E2B8EA45600913490 /* Preview Assets.xcassets */ = {isa = PBXFileReference; lastKnownFileType = folder.assetcatalog; path = "Preview Assets.xcassets"; sourceTree = "<group>"; };
		E17678CD2B8EAE3900913490 /* .swiftlint.yml */ = {isa = PBXFileReference; fileEncoding = 4; lastKnownFileType = text.yaml; path = .swiftlint.yml; sourceTree = "<group>"; };
		E17678D12B8EB9B000913490 /* Localizable.xcstrings */ = {isa = PBXFileReference; lastKnownFileType = text.json.xcstrings; path = Localizable.xcstrings; sourceTree = "<group>"; };
		E1BF0AB92BB100A80084D28F /* TransacaoModel.swift */ = {isa = PBXFileReference; lastKnownFileType = sourcecode.swift; path = TransacaoModel.swift; sourceTree = "<group>"; };
		E1BF0ABC2BB1069B0084D28F /* TransacaoDetalheView.swift */ = {isa = PBXFileReference; lastKnownFileType = sourcecode.swift; path = TransacaoDetalheView.swift; sourceTree = "<group>"; };
		E1BF0ABE2BB1DE7A0084D28F /* TransacaoHomeListaView.swift */ = {isa = PBXFileReference; lastKnownFileType = sourcecode.swift; path = TransacaoHomeListaView.swift; sourceTree = "<group>"; };
		E1BF0AC02BB1F2200084D28F /* HomeScreen.swift */ = {isa = PBXFileReference; lastKnownFileType = sourcecode.swift; path = HomeScreen.swift; sourceTree = "<group>"; };
		E1BF0AC22BB1FB770084D28F /* ColorExtension.swift */ = {isa = PBXFileReference; lastKnownFileType = sourcecode.swift; path = ColorExtension.swift; sourceTree = "<group>"; };
		E1EB07EA2BD1DA2C007A8D49 /* MenuGavetaView.swift */ = {isa = PBXFileReference; lastKnownFileType = sourcecode.swift; path = MenuGavetaView.swift; sourceTree = "<group>"; };
/* End PBXFileReference section */

/* Begin PBXFrameworksBuildPhase section */
		E17678812B8EA44D00913490 /* Frameworks */ = {
			isa = PBXFrameworksBuildPhase;
			buildActionMask = 2147483647;
			files = (
				E17678A92B8EAAD800913490 /* FirebaseDatabase in Frameworks */,
				E17678B72B8EAAD800913490 /* FirebaseFunctionsCombine-Community in Frameworks */,
				E17678AF2B8EAAD800913490 /* FirebaseFirestore in Frameworks */,
				E176789B2B8EAAD800913490 /* FirebaseAnalyticsSwift in Frameworks */,
				E17678972B8EAAD800913490 /* FirebaseAnalytics in Frameworks */,
				E17678992B8EAAD800913490 /* FirebaseAnalyticsOnDeviceConversion in Frameworks */,
				E17678BF2B8EAAD800913490 /* FirebaseMLModelDownloader in Frameworks */,
				E17678B32B8EAAD800913490 /* FirebaseFirestoreSwift in Frameworks */,
				E176789F2B8EAAD800913490 /* FirebaseAppCheck in Frameworks */,
				E176789D2B8EAAD800913490 /* FirebaseAnalyticsWithoutAdIdSupport in Frameworks */,
				E17678A32B8EAAD800913490 /* FirebaseAuth in Frameworks */,
				E17678A72B8EAAD800913490 /* FirebaseCrashlytics in Frameworks */,
				E17678C72B8EAAD800913490 /* FirebaseRemoteConfigSwift in Frameworks */,
				E17678B92B8EAAD800913490 /* FirebaseInAppMessaging-Beta in Frameworks */,
				E17678AB2B8EAAD800913490 /* FirebaseDatabaseSwift in Frameworks */,
				E113659A2BC36E9900C58F01 /* SFSymbolsPicker in Frameworks */,
				E17678B52B8EAAD800913490 /* FirebaseFunctions in Frameworks */,
				E17678CB2B8EAAD800913490 /* FirebaseStorageCombine-Community in Frameworks */,
				E17678C52B8EAAD800913490 /* FirebaseRemoteConfig in Frameworks */,
				E17678A12B8EAAD800913490 /* FirebaseAppDistribution-Beta in Frameworks */,
				E17678A52B8EAAD800913490 /* FirebaseAuthCombine-Community in Frameworks */,
				E17678C32B8EAAD800913490 /* FirebasePerformance in Frameworks */,
				E17678BB2B8EAAD800913490 /* FirebaseInAppMessagingSwift-Beta in Frameworks */,
				E17678C92B8EAAD800913490 /* FirebaseStorage in Frameworks */,
				E1071F852BA685FC004CFCAB /* Factory in Frameworks */,
				E17678AD2B8EAAD800913490 /* FirebaseDynamicLinks in Frameworks */,
				E17678B12B8EAAD800913490 /* FirebaseFirestoreCombine-Community in Frameworks */,
				E17678C12B8EAAD800913490 /* FirebaseMessaging in Frameworks */,
				E17678BD2B8EAAD800913490 /* FirebaseInstallations in Frameworks */,
			);
			runOnlyForDeploymentPostprocessing = 0;
		};
/* End PBXFrameworksBuildPhase section */

/* Begin PBXGroup section */
		E1071F6F2B9E8AB2004CFCAB /* Conta */ = {
			isa = PBXGroup;
			children = (
				E1071F732B9E8B74004CFCAB /* Model */,
				E1071F702B9E8ABB004CFCAB /* Repositories */,
				E1071F7A2B9FBD11004CFCAB /* Screen */,
				E1071F792B9FBD09004CFCAB /* View */,
				E1071F762B9E9921004CFCAB /* ViewModel */,
			);
			path = Conta;
			sourceTree = "<group>";
		};
		E1071F702B9E8ABB004CFCAB /* Repositories */ = {
			isa = PBXGroup;
			children = (
				E1071F712B9E8B0F004CFCAB /* ContaRepository.swift */,
				E1071F812BA68305004CFCAB /* ContaRepository+Injection.swift */,
			);
			path = Repositories;
			sourceTree = "<group>";
		};
		E1071F732B9E8B74004CFCAB /* Model */ = {
			isa = PBXGroup;
			children = (
				E1071F742B9E8B83004CFCAB /* ContaModel.swift */,
			);
			path = Model;
			sourceTree = "<group>";
		};
		E1071F762B9E9921004CFCAB /* ViewModel */ = {
			isa = PBXGroup;
			children = (
				E1071F772B9E9939004CFCAB /* ContaViewModel.swift */,
			);
			path = ViewModel;
			sourceTree = "<group>";
		};
		E1071F792B9FBD09004CFCAB /* View */ = {
			isa = PBXGroup;
			children = (
				E1071F7D2B9FC791004CFCAB /* ContaDetalheView.swift */,
				E1071F7F2BA67C7D004CFCAB /* ContaAddEditView.swift */,
			);
			path = View;
			sourceTree = "<group>";
		};
		E1071F7A2B9FBD11004CFCAB /* Screen */ = {
			isa = PBXGroup;
			children = (
				E1071F7B2B9FC3C7004CFCAB /* ContaListaScreen.swift */,
			);
			path = Screen;
			sourceTree = "<group>";
		};
		E1071F862BA68923004CFCAB /* Firebase */ = {
			isa = PBXGroup;
			children = (
				E1071F872BA68937004CFCAB /* Firebase+Injection.swift */,
			);
			path = Firebase;
			sourceTree = "<group>";
		};
		E1071F892BA898EE004CFCAB /* Banco */ = {
			isa = PBXGroup;
			children = (
				E1071F8A2BA899B9004CFCAB /* Model */,
				E1071F8B2BA899C3004CFCAB /* Repository */,
				E1071F8E2BA899E5004CFCAB /* Screen */,
				E1071F8C2BA899D2004CFCAB /* View */,
				E1071F8D2BA899D9004CFCAB /* ViewModel */,
			);
			path = Banco;
			sourceTree = "<group>";
		};
		E1071F8A2BA899B9004CFCAB /* Model */ = {
			isa = PBXGroup;
			children = (
				E1071F8F2BA89C9F004CFCAB /* BancoModel.swift */,
			);
			path = Model;
			sourceTree = "<group>";
		};
		E1071F8B2BA899C3004CFCAB /* Repository */ = {
			isa = PBXGroup;
			children = (
				E1071F912BA89E88004CFCAB /* BancoRepository.swift */,
				E1071F942BA8B20D004CFCAB /* BancoRepository+Injection.swift */,
			);
			path = Repository;
			sourceTree = "<group>";
		};
		E1071F8C2BA899D2004CFCAB /* View */ = {
			isa = PBXGroup;
			children = (
				E1071F982BA8B42C004CFCAB /* BancoDetalheView.swift */,
				E1071F9A2BA8B491004CFCAB /* BancoAddEditView.swift */,
			);
			path = View;
			sourceTree = "<group>";
		};
		E1071F8D2BA899D9004CFCAB /* ViewModel */ = {
			isa = PBXGroup;
			children = (
				E1071F9C2BA8B6D4004CFCAB /* BancoViewModel.swift */,
			);
			path = ViewModel;
			sourceTree = "<group>";
		};
		E1071F8E2BA899E5004CFCAB /* Screen */ = {
			isa = PBXGroup;
			children = (
				E1071F962BA8B33E004CFCAB /* BancoListaScreen.swift */,
			);
			path = Screen;
			sourceTree = "<group>";
		};
		E1071F9E2BAA5D0F004CFCAB /* Theme */ = {
			isa = PBXGroup;
			children = (
				E1071F9F2BAA5D1E004CFCAB /* AppTheme.swift */,
			);
			path = Theme;
			sourceTree = "<group>";
		};
		E1071FA12BAA5EB6004CFCAB /* AppCheck */ = {
			isa = PBXGroup;
			children = (
				E1071FA22BAA5EC4004CFCAB /* AppCheck.swift */,
			);
			path = AppCheck;
			sourceTree = "<group>";
		};
		E1071FA42BAA603C004CFCAB /* Orcamento */ = {
			isa = PBXGroup;
			children = (
				E1071FA62BAA6051004CFCAB /* View */,
				E1071FA52BAA604A004CFCAB /* Screen */,
			);
			path = Orcamento;
			sourceTree = "<group>";
		};
		E1071FA52BAA604A004CFCAB /* Screen */ = {
			isa = PBXGroup;
			children = (
				E1071FA72BAA61C1004CFCAB /* OrcamentoScreen.swift */,
			);
			path = Screen;
			sourceTree = "<group>";
		};
		E1071FA62BAA6051004CFCAB /* View */ = {
			isa = PBXGroup;
			children = (
			);
			path = View;
			sourceTree = "<group>";
		};
		E1071FA92BAB0CEF004CFCAB /* Gauge */ = {
			isa = PBXGroup;
			children = (
				E1071FAA2BAB0CF8004CFCAB /* View */,
			);
			path = Gauge;
			sourceTree = "<group>";
		};
		E1071FAA2BAB0CF8004CFCAB /* View */ = {
			isa = PBXGroup;
			children = (
				E1071FAB2BAB0D1C004CFCAB /* GaugeStyle.swift */,
			);
			path = View;
			sourceTree = "<group>";
		};
		E113659B2BC4C59300C58F01 /* Menu */ = {
			isa = PBXGroup;
			children = (
				E113659E2BC4C5F400C58F01 /* Model */,
				E113659C2BC4C5A200C58F01 /* Screen */,
				E113659D2BC4C5E200C58F01 /* View */,
				E113659F2BC4C60700C58F01 /* ViewModel */,
			);
			path = Menu;
			sourceTree = "<group>";
		};
		E113659C2BC4C5A200C58F01 /* Screen */ = {
			isa = PBXGroup;
			children = (
				E11365A02BC4CACF00C58F01 /* MenuListaScreen.swift */,
			);
			path = Screen;
			sourceTree = "<group>";
		};
		E113659D2BC4C5E200C58F01 /* View */ = {
			isa = PBXGroup;
			children = (
				E11365A42BC6051500C58F01 /* MenuPrincipalItemView.swift */,
			);
			path = View;
			sourceTree = "<group>";
		};
		E113659E2BC4C5F400C58F01 /* Model */ = {
			isa = PBXGroup;
			children = (
				E11365A22BC5FC0200C58F01 /* MenuPrincipalModel.swift */,
			);
			path = Model;
			sourceTree = "<group>";
		};
		E113659F2BC4C60700C58F01 /* ViewModel */ = {
			isa = PBXGroup;
			children = (
			);
			path = ViewModel;
			sourceTree = "<group>";
		};
		E11365A62BC89C0500C58F01 /* View */ = {
			isa = PBXGroup;
			children = (
				E11365AA2BC89CF800C58F01 /* UserProfileView.swift */,
				E11365AC2BC89D1B00C58F01 /* AuthenticationView.swift */,
			);
			path = View;
			sourceTree = "<group>";
		};
		E11365A72BC89C0D00C58F01 /* Screen */ = {
			isa = PBXGroup;
			children = (
				E11365A82BC89C2600C58F01 /* SettingsScreen.swift */,
			);
			path = Screen;
			sourceTree = "<group>";
		};
		E11365AE2BCADD6800C58F01 /* ViewModel */ = {
			isa = PBXGroup;
			children = (
				E11365AF2BCADD8500C58F01 /* SettingsViewModel.swift */,
			);
			path = ViewModel;
			sourceTree = "<group>";
		};
		E132FC362B97FE4400183725 /* TabBar */ = {
			isa = PBXGroup;
			children = (
				E132FC3E2B9804F500183725 /* Action */,
				E132FC392B98000000183725 /* View */,
			);
			path = TabBar;
			sourceTree = "<group>";
		};
		E132FC392B98000000183725 /* View */ = {
			isa = PBXGroup;
			children = (
				E132FC3A2B98001D00183725 /* TabBarView.swift */,
				E132FC3C2B9800FE00183725 /* TabBarItemView.swift */,
			);
			path = View;
			sourceTree = "<group>";
		};
		E132FC3E2B9804F500183725 /* Action */ = {
			isa = PBXGroup;
			children = (
				E132FC372B97FE6000183725 /* TabBarController.swift */,
			);
			path = Action;
			sourceTree = "<group>";
		};
		E1541B4A2BB3143400AB4184 /* Categoria */ = {
			isa = PBXGroup;
			children = (
				E1541B4B2BB3144E00AB4184 /* Model */,
				E1541B4D2BB3146000AB4184 /* Repository */,
				E1541B4F2BB3153900AB4184 /* Screen */,
				E1541B4C2BB3145700AB4184 /* View */,
				E1541B4E2BB3146C00AB4184 /* ViewModel */,
			);
			path = Categoria;
			sourceTree = "<group>";
		};
		E1541B4B2BB3144E00AB4184 /* Model */ = {
			isa = PBXGroup;
			children = (
				E1541B502BB3155600AB4184 /* CategoriaModel.swift */,
			);
			path = Model;
			sourceTree = "<group>";
		};
		E1541B4C2BB3145700AB4184 /* View */ = {
			isa = PBXGroup;
			children = (
				E1541B582BB466CE00AB4184 /* CategoriaDetalheView.swift */,
				E1541B5A2BB466E600AB4184 /* CategoriaAddEditView.swift */,
			);
			path = View;
			sourceTree = "<group>";
		};
		E1541B4D2BB3146000AB4184 /* Repository */ = {
			isa = PBXGroup;
			children = (
				E1541B522BB3171A00AB4184 /* CategoriaRepository.swift */,
				E1541B542BB31B6300AB4184 /* Repository+Injection.swift */,
			);
			path = Repository;
			sourceTree = "<group>";
		};
		E1541B4E2BB3146C00AB4184 /* ViewModel */ = {
			isa = PBXGroup;
			children = (
				E1541B5C2BB4670000AB4184 /* CategoriaViewModel.swift */,
			);
			path = ViewModel;
			sourceTree = "<group>";
		};
		E1541B4F2BB3153900AB4184 /* Screen */ = {
			isa = PBXGroup;
			children = (
				E1541B562BB4655900AB4184 /* CategoriaListaScreen.swift */,
			);
			path = Screen;
			sourceTree = "<group>";
		};
		E1541B5E2BB6470100AB4184 /* ViewModel */ = {
			isa = PBXGroup;
			children = (
				E1541B652BB651AA00AB4184 /* TransacaoViewModel.swift */,
			);
			path = ViewModel;
			sourceTree = "<group>";
		};
		E1541B5F2BB6471100AB4184 /* Screen */ = {
			isa = PBXGroup;
			children = (
				E1541B7B2BB8639B00AB4184 /* TransacaoListaScreen.swift */,
			);
			path = Screen;
			sourceTree = "<group>";
		};
		E1541B602BB64EF200AB4184 /* Repository */ = {
			isa = PBXGroup;
			children = (
				E1541B612BB64F7900AB4184 /* TransacaoRepository.swift */,
				E1541B632BB64FA200AB4184 /* TransacaoRepository+Injection.swift */,
			);
			path = Repository;
			sourceTree = "<group>";
		};
		E1541B672BB78FC800AB4184 /* Perfil */ = {
			isa = PBXGroup;
			children = (
				E1541B682BB78FD300AB4184 /* Model */,
				E1541B692BB78FDC00AB4184 /* Repository */,
				E1541B6C2BB7902600AB4184 /* Screen */,
				E1541B6A2BB7901300AB4184 /* View */,
				E1541B6B2BB7901B00AB4184 /* ViewModel */,
			);
			path = Perfil;
			sourceTree = "<group>";
		};
		E1541B682BB78FD300AB4184 /* Model */ = {
			isa = PBXGroup;
			children = (
				E1541B6D2BB7911000AB4184 /* PerfilModel.swift */,
			);
			path = Model;
			sourceTree = "<group>";
		};
		E1541B692BB78FDC00AB4184 /* Repository */ = {
			isa = PBXGroup;
			children = (
				E1541B6F2BB7936F00AB4184 /* PerfilRepository.swift */,
				E1541B712BB7941400AB4184 /* PerfilRepository+Injection.swift */,
			);
			path = Repository;
			sourceTree = "<group>";
		};
		E1541B6A2BB7901300AB4184 /* View */ = {
			isa = PBXGroup;
			children = (
				E1541B752BB79A5900AB4184 /* PerfilDetalheView.swift */,
				E1541B792BB85DDF00AB4184 /* PerfilAddEditView.swift */,
			);
			path = View;
			sourceTree = "<group>";
		};
		E1541B6B2BB7901B00AB4184 /* ViewModel */ = {
			isa = PBXGroup;
			children = (
				E1541B732BB7949C00AB4184 /* PerfilViewModel.swift */,
			);
			path = ViewModel;
			sourceTree = "<group>";
		};
		E1541B6C2BB7902600AB4184 /* Screen */ = {
			isa = PBXGroup;
			children = (
				E1541B772BB79A6C00AB4184 /* PerfilListaScreen.swift */,
			);
			path = Screen;
			sourceTree = "<group>";
		};
		E16FC4F42B9153B800929946 /* Login */ = {
			isa = PBXGroup;
			children = (
				E16FC5042B915AAA00929946 /* ViewModels */,
				E16FC5012B91562300929946 /* Screens */,
			);
			path = Login;
			sourceTree = "<group>";
		};
		E16FC4F52B9153C200929946 /* Home */ = {
			isa = PBXGroup;
			children = (
				E16FC4F92B91544D00929946 /* Action */,
				E16FC4FA2B91545600929946 /* Model */,
				E16FC4FB2B91545E00929946 /* Screen */,
				E16FC4FD2B91547600929946 /* ViewModel */,
				E16FC4FC2B91546C00929946 /* View */,
			);
			path = Home;
			sourceTree = "<group>";
		};
		E16FC4F62B9153CB00929946 /* Settings */ = {
			isa = PBXGroup;
			children = (
				E11365A72BC89C0D00C58F01 /* Screen */,
				E11365A62BC89C0500C58F01 /* View */,
				E11365AE2BCADD6800C58F01 /* ViewModel */,
			);
			path = Settings;
			sourceTree = "<group>";
		};
		E16FC4F72B9153DB00929946 /* Utilities */ = {
			isa = PBXGroup;
			children = (
				E16FC51D2B94D04D00929946 /* Extensions */,
			);
			path = Utilities;
			sourceTree = "<group>";
		};
		E16FC4F82B91543E00929946 /* Common */ = {
			isa = PBXGroup;
			children = (
				E1071FA92BAB0CEF004CFCAB /* Gauge */,
				E132FC362B97FE4400183725 /* TabBar */,
			);
			path = Common;
			sourceTree = "<group>";
		};
		E16FC4F92B91544D00929946 /* Action */ = {
			isa = PBXGroup;
			children = (
			);
			path = Action;
			sourceTree = "<group>";
		};
		E16FC4FA2B91545600929946 /* Model */ = {
			isa = PBXGroup;
			children = (
			);
			path = Model;
			sourceTree = "<group>";
		};
		E16FC4FB2B91545E00929946 /* Screen */ = {
			isa = PBXGroup;
			children = (
				E16FC5302B968A7000929946 /* HomeTabsScreen.swift */,
				E1BF0AC02BB1F2200084D28F /* HomeScreen.swift */,
			);
			path = Screen;
			sourceTree = "<group>";
		};
		E16FC4FC2B91546C00929946 /* View */ = {
			isa = PBXGroup;
			children = (
			);
			path = View;
			sourceTree = "<group>";
		};
		E16FC4FD2B91547600929946 /* ViewModel */ = {
			isa = PBXGroup;
			children = (
			);
			path = ViewModel;
			sourceTree = "<group>";
		};
		E16FC4FF2B91551A00929946 /* Config */ = {
			isa = PBXGroup;
			children = (
				E1071FA12BAA5EB6004CFCAB /* AppCheck */,
				E1071F9E2BAA5D0F004CFCAB /* Theme */,
				E1071F862BA68923004CFCAB /* Firebase */,
			);
			path = Config;
			sourceTree = "<group>";
		};
		E16FC5002B91552400929946 /* Resources */ = {
			isa = PBXGroup;
			children = (
				E176788B2B8EA45600913490 /* Assets.xcassets */,
			);
			path = Resources;
			sourceTree = "<group>";
		};
		E16FC5012B91562300929946 /* Screens */ = {
			isa = PBXGroup;
			children = (
				E16FC5022B91563700929946 /* LoginScreen.swift */,
			);
			path = Screens;
			sourceTree = "<group>";
		};
		E16FC5042B915AAA00929946 /* ViewModels */ = {
			isa = PBXGroup;
			children = (
				E16FC5052B915AC100929946 /* LoginViewModel.swift */,
			);
			path = ViewModels;
			sourceTree = "<group>";
		};
		E16FC51D2B94D04D00929946 /* Extensions */ = {
			isa = PBXGroup;
			children = (
				E16FC51E2B94D06800929946 /* CalendarExtension.swift */,
				E16FC5202B94D08600929946 /* DateExtension.swift */,
				E16FC5222B94D0CC00929946 /* StringExtension.swift */,
				E1BF0AC22BB1FB770084D28F /* ColorExtension.swift */,
			);
			path = Extensions;
			sourceTree = "<group>";
		};
		E176787B2B8EA44D00913490 = {
			isa = PBXGroup;
			children = (
				E1EB07EA2BD1DA2C007A8D49 /* MenuGavetaView.swift */,
				E1071F6D2B9E855D004CFCAB /* GoogleService-Info.plist */,
				E17678CD2B8EAE3900913490 /* .swiftlint.yml */,
				E17678862B8EA44D00913490 /* Geld */,
				E17678852B8EA44D00913490 /* Products */,
			);
			sourceTree = "<group>";
		};
		E17678852B8EA44D00913490 /* Products */ = {
			isa = PBXGroup;
			children = (
				E17678842B8EA44D00913490 /* Geld.app */,
			);
			name = Products;
			sourceTree = "<group>";
		};
		E17678862B8EA44D00913490 /* Geld */ = {
			isa = PBXGroup;
			children = (
				E17678D32B8EBB1E00913490 /* Code */,
				E17678CF2B8EB96800913490 /* SupportingFiles */,
				E17678872B8EA44D00913490 /* GeldApp.swift */,
				E17678892B8EA44D00913490 /* ContentView.swift */,
				E176788D2B8EA45600913490 /* Preview Content */,
			);
			path = Geld;
			sourceTree = "<group>";
		};
		E176788D2B8EA45600913490 /* Preview Content */ = {
			isa = PBXGroup;
			children = (
				E176788E2B8EA45600913490 /* Preview Assets.xcassets */,
			);
			path = "Preview Content";
			sourceTree = "<group>";
		};
		E17678CF2B8EB96800913490 /* SupportingFiles */ = {
			isa = PBXGroup;
			children = (
				E17678D02B8EB97600913490 /* Localization */,
			);
			path = SupportingFiles;
			sourceTree = "<group>";
		};
		E17678D02B8EB97600913490 /* Localization */ = {
			isa = PBXGroup;
			children = (
				E17678D12B8EB9B000913490 /* Localizable.xcstrings */,
			);
			path = Localization;
			sourceTree = "<group>";
		};
		E17678D32B8EBB1E00913490 /* Code */ = {
			isa = PBXGroup;
			children = (
				E16FC4FF2B91551A00929946 /* Config */,
				E17678D42B8EBB2C00913490 /* Features */,
				E16FC5002B91552400929946 /* Resources */,
				E16FC4F72B9153DB00929946 /* Utilities */,
			);
			path = Code;
			sourceTree = "<group>";
		};
		E17678D42B8EBB2C00913490 /* Features */ = {
			isa = PBXGroup;
			children = (
				E1071F892BA898EE004CFCAB /* Banco */,
				E1541B4A2BB3143400AB4184 /* Categoria */,
				E16FC4F82B91543E00929946 /* Common */,
				E1071F6F2B9E8AB2004CFCAB /* Conta */,
				E16FC4F52B9153C200929946 /* Home */,
				E16FC4F42B9153B800929946 /* Login */,
				E113659B2BC4C59300C58F01 /* Menu */,
				E1071FA42BAA603C004CFCAB /* Orcamento */,
				E1541B672BB78FC800AB4184 /* Perfil */,
				E16FC4F62B9153CB00929946 /* Settings */,
				E1BF0AB72BAF2E140084D28F /* Transacoes */,
			);
			path = Features;
			sourceTree = "<group>";
		};
		E1BF0AB72BAF2E140084D28F /* Transacoes */ = {
			isa = PBXGroup;
			children = (
				E1BF0AB82BB0FFEB0084D28F /* Model */,
				E1541B602BB64EF200AB4184 /* Repository */,
				E1541B5F2BB6471100AB4184 /* Screen */,
				E1BF0ABB2BB106100084D28F /* View */,
				E1541B5E2BB6470100AB4184 /* ViewModel */,
			);
			path = Transacoes;
			sourceTree = "<group>";
		};
		E1BF0AB82BB0FFEB0084D28F /* Model */ = {
			isa = PBXGroup;
			children = (
				E1BF0AB92BB100A80084D28F /* TransacaoModel.swift */,
			);
			path = Model;
			sourceTree = "<group>";
		};
		E1BF0ABB2BB106100084D28F /* View */ = {
			isa = PBXGroup;
			children = (
				E1541B7D2BB8671900AB4184 /* TransacaoAddEditView.swift */,
				E1BF0ABC2BB1069B0084D28F /* TransacaoDetalheView.swift */,
				E1BF0ABE2BB1DE7A0084D28F /* TransacaoHomeListaView.swift */,
			);
			path = View;
			sourceTree = "<group>";
		};
/* End PBXGroup section */

/* Begin PBXNativeTarget section */
		E17678832B8EA44D00913490 /* Geld */ = {
			isa = PBXNativeTarget;
			buildConfigurationList = E17678922B8EA45600913490 /* Build configuration list for PBXNativeTarget "Geld" */;
			buildPhases = (
				E17678802B8EA44D00913490 /* Sources */,
				E17678812B8EA44D00913490 /* Frameworks */,
				E17678822B8EA44D00913490 /* Resources */,
				E17678CC2B8EAB4A00913490 /* SwiftLint */,
			);
			buildRules = (
			);
			dependencies = (
			);
			name = Geld;
			packageProductDependencies = (
				E17678962B8EAAD800913490 /* FirebaseAnalytics */,
				E17678982B8EAAD800913490 /* FirebaseAnalyticsOnDeviceConversion */,
				E176789A2B8EAAD800913490 /* FirebaseAnalyticsSwift */,
				E176789C2B8EAAD800913490 /* FirebaseAnalyticsWithoutAdIdSupport */,
				E176789E2B8EAAD800913490 /* FirebaseAppCheck */,
				E17678A02B8EAAD800913490 /* FirebaseAppDistribution-Beta */,
				E17678A22B8EAAD800913490 /* FirebaseAuth */,
				E17678A42B8EAAD800913490 /* FirebaseAuthCombine-Community */,
				E17678A62B8EAAD800913490 /* FirebaseCrashlytics */,
				E17678A82B8EAAD800913490 /* FirebaseDatabase */,
				E17678AA2B8EAAD800913490 /* FirebaseDatabaseSwift */,
				E17678AC2B8EAAD800913490 /* FirebaseDynamicLinks */,
				E17678AE2B8EAAD800913490 /* FirebaseFirestore */,
				E17678B02B8EAAD800913490 /* FirebaseFirestoreCombine-Community */,
				E17678B22B8EAAD800913490 /* FirebaseFirestoreSwift */,
				E17678B42B8EAAD800913490 /* FirebaseFunctions */,
				E17678B62B8EAAD800913490 /* FirebaseFunctionsCombine-Community */,
				E17678B82B8EAAD800913490 /* FirebaseInAppMessaging-Beta */,
				E17678BA2B8EAAD800913490 /* FirebaseInAppMessagingSwift-Beta */,
				E17678BC2B8EAAD800913490 /* FirebaseInstallations */,
				E17678BE2B8EAAD800913490 /* FirebaseMLModelDownloader */,
				E17678C02B8EAAD800913490 /* FirebaseMessaging */,
				E17678C22B8EAAD800913490 /* FirebasePerformance */,
				E17678C42B8EAAD800913490 /* FirebaseRemoteConfig */,
				E17678C62B8EAAD800913490 /* FirebaseRemoteConfigSwift */,
				E17678C82B8EAAD800913490 /* FirebaseStorage */,
				E17678CA2B8EAAD800913490 /* FirebaseStorageCombine-Community */,
				E1071F842BA685FC004CFCAB /* Factory */,
				E11365992BC36E9900C58F01 /* SFSymbolsPicker */,
			);
			productName = Geld;
			productReference = E17678842B8EA44D00913490 /* Geld.app */;
			productType = "com.apple.product-type.application";
		};
/* End PBXNativeTarget section */

/* Begin PBXProject section */
		E176787C2B8EA44D00913490 /* Project object */ = {
			isa = PBXProject;
			attributes = {
				BuildIndependentTargetsInParallel = 1;
				LastSwiftUpdateCheck = 1520;
				LastUpgradeCheck = 1520;
				TargetAttributes = {
					E17678832B8EA44D00913490 = {
						CreatedOnToolsVersion = 15.2;
					};
				};
			};
			buildConfigurationList = E176787F2B8EA44D00913490 /* Build configuration list for PBXProject "Geld" */;
			compatibilityVersion = "Xcode 14.0";
			developmentRegion = en;
			hasScannedForEncodings = 0;
			knownRegions = (
				en,
				Base,
				"pt-BR",
			);
			mainGroup = E176787B2B8EA44D00913490;
			packageReferences = (
				E17678952B8EAAD700913490 /* XCRemoteSwiftPackageReference "firebase-ios-sdk" */,
				E1071F832BA685FC004CFCAB /* XCRemoteSwiftPackageReference "Factory" */,
				E11365982BC36E9900C58F01 /* XCRemoteSwiftPackageReference "SFSymbolsPicker" */,
			);
			productRefGroup = E17678852B8EA44D00913490 /* Products */;
			projectDirPath = "";
			projectRoot = "";
			targets = (
				E17678832B8EA44D00913490 /* Geld */,
			);
		};
/* End PBXProject section */

/* Begin PBXResourcesBuildPhase section */
		E17678822B8EA44D00913490 /* Resources */ = {
			isa = PBXResourcesBuildPhase;
			buildActionMask = 2147483647;
			files = (
				E1071F6E2B9E855D004CFCAB /* GoogleService-Info.plist in Resources */,
				E17678CE2B8EAE3900913490 /* .swiftlint.yml in Resources */,
				E176788F2B8EA45600913490 /* Preview Assets.xcassets in Resources */,
				E17678D22B8EB9B000913490 /* Localizable.xcstrings in Resources */,
				E176788C2B8EA45600913490 /* Assets.xcassets in Resources */,
			);
			runOnlyForDeploymentPostprocessing = 0;
		};
/* End PBXResourcesBuildPhase section */

/* Begin PBXShellScriptBuildPhase section */
		E17678CC2B8EAB4A00913490 /* SwiftLint */ = {
			isa = PBXShellScriptBuildPhase;
			alwaysOutOfDate = 1;
			buildActionMask = 2147483647;
			files = (
			);
			inputFileListPaths = (
			);
			inputPaths = (
			);
			name = SwiftLint;
			outputFileListPaths = (
			);
			outputPaths = (
			);
			runOnlyForDeploymentPostprocessing = 0;
			shellPath = /bin/sh;
			shellScript = "# Type a script or drag a script file from your workspace to insert its path.\nif [[ \"$(uname -m)\" == arm64 ]]; then\n    export PATH=\"/opt/homebrew/bin:$PATH\"\nfi\n\nif which swiftlint > /dev/null; then\n  swiftlint\nelse\n  echo \"warning: SwiftLint not installed, download from https://github.com/realm/SwiftLint\"\nfi\n";
		};
/* End PBXShellScriptBuildPhase section */

/* Begin PBXSourcesBuildPhase section */
		E17678802B8EA44D00913490 /* Sources */ = {
			isa = PBXSourcesBuildPhase;
			buildActionMask = 2147483647;
			files = (
				E132FC382B97FE6000183725 /* TabBarController.swift in Sources */,
				E16FC5062B915AC100929946 /* LoginViewModel.swift in Sources */,
				E1541B762BB79A5900AB4184 /* PerfilDetalheView.swift in Sources */,
				E132FC3B2B98001D00183725 /* TabBarView.swift in Sources */,
				E1541B622BB64F7900AB4184 /* TransacaoRepository.swift in Sources */,
				E1541B642BB64FA200AB4184 /* TransacaoRepository+Injection.swift in Sources */,
				E1BF0ABD2BB1069B0084D28F /* TransacaoDetalheView.swift in Sources */,
				E1541B722BB7941400AB4184 /* PerfilRepository+Injection.swift in Sources */,
				E1541B5B2BB466E600AB4184 /* CategoriaAddEditView.swift in Sources */,
				E1071F972BA8B33E004CFCAB /* BancoListaScreen.swift in Sources */,
				E1071F822BA68305004CFCAB /* ContaRepository+Injection.swift in Sources */,
				E11365A32BC5FC0200C58F01 /* MenuPrincipalModel.swift in Sources */,
				E16FC5212B94D08600929946 /* DateExtension.swift in Sources */,
				E1071F992BA8B42C004CFCAB /* BancoDetalheView.swift in Sources */,
				E11365AD2BC89D1B00C58F01 /* AuthenticationView.swift in Sources */,
				E1541B662BB651AA00AB4184 /* TransacaoViewModel.swift in Sources */,
				E16FC51F2B94D06800929946 /* CalendarExtension.swift in Sources */,
				E1071F7C2B9FC3C7004CFCAB /* ContaListaScreen.swift in Sources */,
				E176788A2B8EA44D00913490 /* ContentView.swift in Sources */,
				E1071F9D2BA8B6D4004CFCAB /* BancoViewModel.swift in Sources */,
				E1541B532BB3171A00AB4184 /* CategoriaRepository.swift in Sources */,
				E1BF0AC12BB1F2200084D28F /* HomeScreen.swift in Sources */,
				E1071F782B9E9939004CFCAB /* ContaViewModel.swift in Sources */,
				E1071FA02BAA5D1E004CFCAB /* AppTheme.swift in Sources */,
				E1071F802BA67C7D004CFCAB /* ContaAddEditView.swift in Sources */,
				E1541B6E2BB7911000AB4184 /* PerfilModel.swift in Sources */,
				E1541B5D2BB4670000AB4184 /* CategoriaViewModel.swift in Sources */,
				E1071F7E2B9FC791004CFCAB /* ContaDetalheView.swift in Sources */,
				E132FC3D2B9800FE00183725 /* TabBarItemView.swift in Sources */,
				E11365AB2BC89CF800C58F01 /* UserProfileView.swift in Sources */,
				E1541B702BB7936F00AB4184 /* PerfilRepository.swift in Sources */,
				E1071FA32BAA5EC4004CFCAB /* AppCheck.swift in Sources */,
				E1BF0AC32BB1FB770084D28F /* ColorExtension.swift in Sources */,
				E1071FAC2BAB0D1C004CFCAB /* GaugeStyle.swift in Sources */,
				E1541B592BB466CE00AB4184 /* CategoriaDetalheView.swift in Sources */,
				E1071F752B9E8B83004CFCAB /* ContaModel.swift in Sources */,
				E16FC5312B968A7000929946 /* HomeTabsScreen.swift in Sources */,
				E1EB07EB2BD1DA2C007A8D49 /* MenuGavetaView.swift in Sources */,
				E1541B742BB7949C00AB4184 /* PerfilViewModel.swift in Sources */,
				E11365B02BCADD8500C58F01 /* SettingsViewModel.swift in Sources */,
				E1541B512BB3155600AB4184 /* CategoriaModel.swift in Sources */,
				E1071FA82BAA61C1004CFCAB /* OrcamentoScreen.swift in Sources */,
				E1541B782BB79A6C00AB4184 /* PerfilListaScreen.swift in Sources */,
				E1541B7A2BB85DDF00AB4184 /* PerfilAddEditView.swift in Sources */,
				E17678882B8EA44D00913490 /* GeldApp.swift in Sources */,
				E1541B572BB4655900AB4184 /* CategoriaListaScreen.swift in Sources */,
				E1071F722B9E8B0F004CFCAB /* ContaRepository.swift in Sources */,
				E1071F882BA68937004CFCAB /* Firebase+Injection.swift in Sources */,
				E1BF0ABF2BB1DE7A0084D28F /* TransacaoHomeListaView.swift in Sources */,
				E1071F952BA8B20D004CFCAB /* BancoRepository+Injection.swift in Sources */,
				E11365A92BC89C2600C58F01 /* SettingsScreen.swift in Sources */,
				E1541B7E2BB8671900AB4184 /* TransacaoAddEditView.swift in Sources */,
				E16FC5232B94D0CC00929946 /* StringExtension.swift in Sources */,
				E11365A52BC6051500C58F01 /* MenuPrincipalItemView.swift in Sources */,
				E16FC5032B91563700929946 /* LoginScreen.swift in Sources */,
				E1071F9B2BA8B491004CFCAB /* BancoAddEditView.swift in Sources */,
				E1071F922BA89E88004CFCAB /* BancoRepository.swift in Sources */,
				E1541B552BB31B6300AB4184 /* Repository+Injection.swift in Sources */,
				E11365A12BC4CACF00C58F01 /* MenuListaScreen.swift in Sources */,
				E1541B7C2BB8639B00AB4184 /* TransacaoListaScreen.swift in Sources */,
				E1071F902BA89C9F004CFCAB /* BancoModel.swift in Sources */,
				E1BF0ABA2BB100A80084D28F /* TransacaoModel.swift in Sources */,
			);
			runOnlyForDeploymentPostprocessing = 0;
		};
/* End PBXSourcesBuildPhase section */

/* Begin XCBuildConfiguration section */
		E17678902B8EA45600913490 /* Debug */ = {
			isa = XCBuildConfiguration;
			buildSettings = {
				ALWAYS_SEARCH_USER_PATHS = NO;
				ASSETCATALOG_COMPILER_GENERATE_SWIFT_ASSET_SYMBOL_EXTENSIONS = YES;
				CLANG_ANALYZER_NONNULL = YES;
				CLANG_ANALYZER_NUMBER_OBJECT_CONVERSION = YES_AGGRESSIVE;
				CLANG_CXX_LANGUAGE_STANDARD = "gnu++20";
				CLANG_ENABLE_MODULES = YES;
				CLANG_ENABLE_OBJC_ARC = YES;
				CLANG_ENABLE_OBJC_WEAK = YES;
				CLANG_WARN_BLOCK_CAPTURE_AUTORELEASING = YES;
				CLANG_WARN_BOOL_CONVERSION = YES;
				CLANG_WARN_COMMA = YES;
				CLANG_WARN_CONSTANT_CONVERSION = YES;
				CLANG_WARN_DEPRECATED_OBJC_IMPLEMENTATIONS = YES;
				CLANG_WARN_DIRECT_OBJC_ISA_USAGE = YES_ERROR;
				CLANG_WARN_DOCUMENTATION_COMMENTS = YES;
				CLANG_WARN_EMPTY_BODY = YES;
				CLANG_WARN_ENUM_CONVERSION = YES;
				CLANG_WARN_INFINITE_RECURSION = YES;
				CLANG_WARN_INT_CONVERSION = YES;
				CLANG_WARN_NON_LITERAL_NULL_CONVERSION = YES;
				CLANG_WARN_OBJC_IMPLICIT_RETAIN_SELF = YES;
				CLANG_WARN_OBJC_LITERAL_CONVERSION = YES;
				CLANG_WARN_OBJC_ROOT_CLASS = YES_ERROR;
				CLANG_WARN_QUOTED_INCLUDE_IN_FRAMEWORK_HEADER = YES;
				CLANG_WARN_RANGE_LOOP_ANALYSIS = YES;
				CLANG_WARN_STRICT_PROTOTYPES = YES;
				CLANG_WARN_SUSPICIOUS_MOVE = YES;
				CLANG_WARN_UNGUARDED_AVAILABILITY = YES_AGGRESSIVE;
				CLANG_WARN_UNREACHABLE_CODE = YES;
				CLANG_WARN__DUPLICATE_METHOD_MATCH = YES;
				COPY_PHASE_STRIP = NO;
				DEBUG_INFORMATION_FORMAT = dwarf;
				ENABLE_STRICT_OBJC_MSGSEND = YES;
				ENABLE_TESTABILITY = YES;
				ENABLE_USER_SCRIPT_SANDBOXING = YES;
				GCC_C_LANGUAGE_STANDARD = gnu17;
				GCC_DYNAMIC_NO_PIC = NO;
				GCC_NO_COMMON_BLOCKS = YES;
				GCC_OPTIMIZATION_LEVEL = 0;
				GCC_PREPROCESSOR_DEFINITIONS = (
					"DEBUG=1",
					"$(inherited)",
				);
				GCC_WARN_64_TO_32_BIT_CONVERSION = YES;
				GCC_WARN_ABOUT_RETURN_TYPE = YES_ERROR;
				GCC_WARN_UNDECLARED_SELECTOR = YES;
				GCC_WARN_UNINITIALIZED_AUTOS = YES_AGGRESSIVE;
				GCC_WARN_UNUSED_FUNCTION = YES;
				GCC_WARN_UNUSED_VARIABLE = YES;
				IPHONEOS_DEPLOYMENT_TARGET = 17.2;
				LOCALIZATION_PREFERS_STRING_CATALOGS = YES;
				MTL_ENABLE_DEBUG_INFO = INCLUDE_SOURCE;
				MTL_FAST_MATH = YES;
				ONLY_ACTIVE_ARCH = YES;
				SDKROOT = iphoneos;
				SWIFT_ACTIVE_COMPILATION_CONDITIONS = "DEBUG $(inherited)";
				SWIFT_OPTIMIZATION_LEVEL = "-Onone";
			};
			name = Debug;
		};
		E17678912B8EA45600913490 /* Release */ = {
			isa = XCBuildConfiguration;
			buildSettings = {
				ALWAYS_SEARCH_USER_PATHS = NO;
				ASSETCATALOG_COMPILER_GENERATE_SWIFT_ASSET_SYMBOL_EXTENSIONS = YES;
				CLANG_ANALYZER_NONNULL = YES;
				CLANG_ANALYZER_NUMBER_OBJECT_CONVERSION = YES_AGGRESSIVE;
				CLANG_CXX_LANGUAGE_STANDARD = "gnu++20";
				CLANG_ENABLE_MODULES = YES;
				CLANG_ENABLE_OBJC_ARC = YES;
				CLANG_ENABLE_OBJC_WEAK = YES;
				CLANG_WARN_BLOCK_CAPTURE_AUTORELEASING = YES;
				CLANG_WARN_BOOL_CONVERSION = YES;
				CLANG_WARN_COMMA = YES;
				CLANG_WARN_CONSTANT_CONVERSION = YES;
				CLANG_WARN_DEPRECATED_OBJC_IMPLEMENTATIONS = YES;
				CLANG_WARN_DIRECT_OBJC_ISA_USAGE = YES_ERROR;
				CLANG_WARN_DOCUMENTATION_COMMENTS = YES;
				CLANG_WARN_EMPTY_BODY = YES;
				CLANG_WARN_ENUM_CONVERSION = YES;
				CLANG_WARN_INFINITE_RECURSION = YES;
				CLANG_WARN_INT_CONVERSION = YES;
				CLANG_WARN_NON_LITERAL_NULL_CONVERSION = YES;
				CLANG_WARN_OBJC_IMPLICIT_RETAIN_SELF = YES;
				CLANG_WARN_OBJC_LITERAL_CONVERSION = YES;
				CLANG_WARN_OBJC_ROOT_CLASS = YES_ERROR;
				CLANG_WARN_QUOTED_INCLUDE_IN_FRAMEWORK_HEADER = YES;
				CLANG_WARN_RANGE_LOOP_ANALYSIS = YES;
				CLANG_WARN_STRICT_PROTOTYPES = YES;
				CLANG_WARN_SUSPICIOUS_MOVE = YES;
				CLANG_WARN_UNGUARDED_AVAILABILITY = YES_AGGRESSIVE;
				CLANG_WARN_UNREACHABLE_CODE = YES;
				CLANG_WARN__DUPLICATE_METHOD_MATCH = YES;
				COPY_PHASE_STRIP = NO;
				DEBUG_INFORMATION_FORMAT = "dwarf-with-dsym";
				ENABLE_NS_ASSERTIONS = NO;
				ENABLE_STRICT_OBJC_MSGSEND = YES;
				ENABLE_USER_SCRIPT_SANDBOXING = YES;
				GCC_C_LANGUAGE_STANDARD = gnu17;
				GCC_NO_COMMON_BLOCKS = YES;
				GCC_WARN_64_TO_32_BIT_CONVERSION = YES;
				GCC_WARN_ABOUT_RETURN_TYPE = YES_ERROR;
				GCC_WARN_UNDECLARED_SELECTOR = YES;
				GCC_WARN_UNINITIALIZED_AUTOS = YES_AGGRESSIVE;
				GCC_WARN_UNUSED_FUNCTION = YES;
				GCC_WARN_UNUSED_VARIABLE = YES;
				IPHONEOS_DEPLOYMENT_TARGET = 17.2;
				LOCALIZATION_PREFERS_STRING_CATALOGS = YES;
				MTL_ENABLE_DEBUG_INFO = NO;
				MTL_FAST_MATH = YES;
				SDKROOT = iphoneos;
				SWIFT_COMPILATION_MODE = wholemodule;
				VALIDATE_PRODUCT = YES;
			};
			name = Release;
		};
		E17678932B8EA45600913490 /* Debug */ = {
			isa = XCBuildConfiguration;
			buildSettings = {
				ASSETCATALOG_COMPILER_APPICON_NAME = AppIcon;
				ASSETCATALOG_COMPILER_GLOBAL_ACCENT_COLOR_NAME = AccentColor;
				CODE_SIGN_STYLE = Automatic;
				CURRENT_PROJECT_VERSION = 1;
				DEVELOPMENT_ASSET_PATHS = "\"Geld/Preview Content\"";
				DEVELOPMENT_TEAM = 4DLN7FPJ74;
				ENABLE_PREVIEWS = YES;
				ENABLE_USER_SCRIPT_SANDBOXING = NO;
				GENERATE_INFOPLIST_FILE = YES;
				INFOPLIST_KEY_UIApplicationSceneManifest_Generation = YES;
				INFOPLIST_KEY_UIApplicationSupportsIndirectInputEvents = YES;
				INFOPLIST_KEY_UILaunchScreen_Generation = YES;
				INFOPLIST_KEY_UISupportedInterfaceOrientations_iPad = "UIInterfaceOrientationPortrait UIInterfaceOrientationPortraitUpsideDown UIInterfaceOrientationLandscapeLeft UIInterfaceOrientationLandscapeRight";
				INFOPLIST_KEY_UISupportedInterfaceOrientations_iPhone = "UIInterfaceOrientationPortrait UIInterfaceOrientationLandscapeLeft UIInterfaceOrientationLandscapeRight";
				IPHONEOS_DEPLOYMENT_TARGET = 16.0;
				LD_RUNPATH_SEARCH_PATHS = (
					"$(inherited)",
					"@executable_path/Frameworks",
				);
				MARKETING_VERSION = 1.0;
				PRODUCT_BUNDLE_IDENTIFIER = com.rgeiss.Geld;
				PRODUCT_NAME = "$(TARGET_NAME)";
				SWIFT_EMIT_LOC_STRINGS = YES;
				SWIFT_VERSION = 5.0;
				TARGETED_DEVICE_FAMILY = "1,2";
			};
			name = Debug;
		};
		E17678942B8EA45600913490 /* Release */ = {
			isa = XCBuildConfiguration;
			buildSettings = {
				ASSETCATALOG_COMPILER_APPICON_NAME = AppIcon;
				ASSETCATALOG_COMPILER_GLOBAL_ACCENT_COLOR_NAME = AccentColor;
				CODE_SIGN_STYLE = Automatic;
				CURRENT_PROJECT_VERSION = 1;
				DEVELOPMENT_ASSET_PATHS = "\"Geld/Preview Content\"";
				DEVELOPMENT_TEAM = 4DLN7FPJ74;
				ENABLE_PREVIEWS = YES;
				ENABLE_USER_SCRIPT_SANDBOXING = NO;
				GENERATE_INFOPLIST_FILE = YES;
				INFOPLIST_KEY_UIApplicationSceneManifest_Generation = YES;
				INFOPLIST_KEY_UIApplicationSupportsIndirectInputEvents = YES;
				INFOPLIST_KEY_UILaunchScreen_Generation = YES;
				INFOPLIST_KEY_UISupportedInterfaceOrientations_iPad = "UIInterfaceOrientationPortrait UIInterfaceOrientationPortraitUpsideDown UIInterfaceOrientationLandscapeLeft UIInterfaceOrientationLandscapeRight";
				INFOPLIST_KEY_UISupportedInterfaceOrientations_iPhone = "UIInterfaceOrientationPortrait UIInterfaceOrientationLandscapeLeft UIInterfaceOrientationLandscapeRight";
				IPHONEOS_DEPLOYMENT_TARGET = 16.0;
				LD_RUNPATH_SEARCH_PATHS = (
					"$(inherited)",
					"@executable_path/Frameworks",
				);
				MARKETING_VERSION = 1.0;
				PRODUCT_BUNDLE_IDENTIFIER = com.rgeiss.Geld;
				PRODUCT_NAME = "$(TARGET_NAME)";
				SWIFT_EMIT_LOC_STRINGS = YES;
				SWIFT_VERSION = 5.0;
				TARGETED_DEVICE_FAMILY = "1,2";
			};
			name = Release;
		};
/* End XCBuildConfiguration section */

/* Begin XCConfigurationList section */
		E176787F2B8EA44D00913490 /* Build configuration list for PBXProject "Geld" */ = {
			isa = XCConfigurationList;
			buildConfigurations = (
				E17678902B8EA45600913490 /* Debug */,
				E17678912B8EA45600913490 /* Release */,
			);
			defaultConfigurationIsVisible = 0;
			defaultConfigurationName = Release;
		};
		E17678922B8EA45600913490 /* Build configuration list for PBXNativeTarget "Geld" */ = {
			isa = XCConfigurationList;
			buildConfigurations = (
				E17678932B8EA45600913490 /* Debug */,
				E17678942B8EA45600913490 /* Release */,
			);
			defaultConfigurationIsVisible = 0;
			defaultConfigurationName = Release;
		};
/* End XCConfigurationList section */

/* Begin XCRemoteSwiftPackageReference section */
		E1071F832BA685FC004CFCAB /* XCRemoteSwiftPackageReference "Factory" */ = {
			isa = XCRemoteSwiftPackageReference;
			repositoryURL = "https://github.com/hmlongco/Factory";
			requirement = {
				kind = upToNextMajorVersion;
				minimumVersion = 2.3.1;
			};
		};
		E11365982BC36E9900C58F01 /* XCRemoteSwiftPackageReference "SFSymbolsPicker" */ = {
			isa = XCRemoteSwiftPackageReference;
			repositoryURL = "https://github.com/alessiorubicini/SFSymbolsPicker";
			requirement = {
				kind = upToNextMajorVersion;
				minimumVersion = 1.0.6;
			};
		};
		E17678952B8EAAD700913490 /* XCRemoteSwiftPackageReference "firebase-ios-sdk" */ = {
			isa = XCRemoteSwiftPackageReference;
			repositoryURL = "https://github.com/firebase/firebase-ios-sdk";
			requirement = {
				kind = upToNextMajorVersion;
				minimumVersion = 10.21.0;
			};
		};
/* End XCRemoteSwiftPackageReference section */

/* Begin XCSwiftPackageProductDependency section */
		E1071F842BA685FC004CFCAB /* Factory */ = {
			isa = XCSwiftPackageProductDependency;
			package = E1071F832BA685FC004CFCAB /* XCRemoteSwiftPackageReference "Factory" */;
			productName = Factory;
		};
		E11365992BC36E9900C58F01 /* SFSymbolsPicker */ = {
			isa = XCSwiftPackageProductDependency;
			package = E11365982BC36E9900C58F01 /* XCRemoteSwiftPackageReference "SFSymbolsPicker" */;
			productName = SFSymbolsPicker;
		};
		E17678962B8EAAD800913490 /* FirebaseAnalytics */ = {
			isa = XCSwiftPackageProductDependency;
			package = E17678952B8EAAD700913490 /* XCRemoteSwiftPackageReference "firebase-ios-sdk" */;
			productName = FirebaseAnalytics;
		};
		E17678982B8EAAD800913490 /* FirebaseAnalyticsOnDeviceConversion */ = {
			isa = XCSwiftPackageProductDependency;
			package = E17678952B8EAAD700913490 /* XCRemoteSwiftPackageReference "firebase-ios-sdk" */;
			productName = FirebaseAnalyticsOnDeviceConversion;
		};
		E176789A2B8EAAD800913490 /* FirebaseAnalyticsSwift */ = {
			isa = XCSwiftPackageProductDependency;
			package = E17678952B8EAAD700913490 /* XCRemoteSwiftPackageReference "firebase-ios-sdk" */;
			productName = FirebaseAnalyticsSwift;
		};
		E176789C2B8EAAD800913490 /* FirebaseAnalyticsWithoutAdIdSupport */ = {
			isa = XCSwiftPackageProductDependency;
			package = E17678952B8EAAD700913490 /* XCRemoteSwiftPackageReference "firebase-ios-sdk" */;
			productName = FirebaseAnalyticsWithoutAdIdSupport;
		};
		E176789E2B8EAAD800913490 /* FirebaseAppCheck */ = {
			isa = XCSwiftPackageProductDependency;
			package = E17678952B8EAAD700913490 /* XCRemoteSwiftPackageReference "firebase-ios-sdk" */;
			productName = FirebaseAppCheck;
		};
		E17678A02B8EAAD800913490 /* FirebaseAppDistribution-Beta */ = {
			isa = XCSwiftPackageProductDependency;
			package = E17678952B8EAAD700913490 /* XCRemoteSwiftPackageReference "firebase-ios-sdk" */;
			productName = "FirebaseAppDistribution-Beta";
		};
		E17678A22B8EAAD800913490 /* FirebaseAuth */ = {
			isa = XCSwiftPackageProductDependency;
			package = E17678952B8EAAD700913490 /* XCRemoteSwiftPackageReference "firebase-ios-sdk" */;
			productName = FirebaseAuth;
		};
		E17678A42B8EAAD800913490 /* FirebaseAuthCombine-Community */ = {
			isa = XCSwiftPackageProductDependency;
			package = E17678952B8EAAD700913490 /* XCRemoteSwiftPackageReference "firebase-ios-sdk" */;
			productName = "FirebaseAuthCombine-Community";
		};
		E17678A62B8EAAD800913490 /* FirebaseCrashlytics */ = {
			isa = XCSwiftPackageProductDependency;
			package = E17678952B8EAAD700913490 /* XCRemoteSwiftPackageReference "firebase-ios-sdk" */;
			productName = FirebaseCrashlytics;
		};
		E17678A82B8EAAD800913490 /* FirebaseDatabase */ = {
			isa = XCSwiftPackageProductDependency;
			package = E17678952B8EAAD700913490 /* XCRemoteSwiftPackageReference "firebase-ios-sdk" */;
			productName = FirebaseDatabase;
		};
		E17678AA2B8EAAD800913490 /* FirebaseDatabaseSwift */ = {
			isa = XCSwiftPackageProductDependency;
			package = E17678952B8EAAD700913490 /* XCRemoteSwiftPackageReference "firebase-ios-sdk" */;
			productName = FirebaseDatabaseSwift;
		};
		E17678AC2B8EAAD800913490 /* FirebaseDynamicLinks */ = {
			isa = XCSwiftPackageProductDependency;
			package = E17678952B8EAAD700913490 /* XCRemoteSwiftPackageReference "firebase-ios-sdk" */;
			productName = FirebaseDynamicLinks;
		};
		E17678AE2B8EAAD800913490 /* FirebaseFirestore */ = {
			isa = XCSwiftPackageProductDependency;
			package = E17678952B8EAAD700913490 /* XCRemoteSwiftPackageReference "firebase-ios-sdk" */;
			productName = FirebaseFirestore;
		};
		E17678B02B8EAAD800913490 /* FirebaseFirestoreCombine-Community */ = {
			isa = XCSwiftPackageProductDependency;
			package = E17678952B8EAAD700913490 /* XCRemoteSwiftPackageReference "firebase-ios-sdk" */;
			productName = "FirebaseFirestoreCombine-Community";
		};
		E17678B22B8EAAD800913490 /* FirebaseFirestoreSwift */ = {
			isa = XCSwiftPackageProductDependency;
			package = E17678952B8EAAD700913490 /* XCRemoteSwiftPackageReference "firebase-ios-sdk" */;
			productName = FirebaseFirestoreSwift;
		};
		E17678B42B8EAAD800913490 /* FirebaseFunctions */ = {
			isa = XCSwiftPackageProductDependency;
			package = E17678952B8EAAD700913490 /* XCRemoteSwiftPackageReference "firebase-ios-sdk" */;
			productName = FirebaseFunctions;
		};
		E17678B62B8EAAD800913490 /* FirebaseFunctionsCombine-Community */ = {
			isa = XCSwiftPackageProductDependency;
			package = E17678952B8EAAD700913490 /* XCRemoteSwiftPackageReference "firebase-ios-sdk" */;
			productName = "FirebaseFunctionsCombine-Community";
		};
		E17678B82B8EAAD800913490 /* FirebaseInAppMessaging-Beta */ = {
			isa = XCSwiftPackageProductDependency;
			package = E17678952B8EAAD700913490 /* XCRemoteSwiftPackageReference "firebase-ios-sdk" */;
			productName = "FirebaseInAppMessaging-Beta";
		};
		E17678BA2B8EAAD800913490 /* FirebaseInAppMessagingSwift-Beta */ = {
			isa = XCSwiftPackageProductDependency;
			package = E17678952B8EAAD700913490 /* XCRemoteSwiftPackageReference "firebase-ios-sdk" */;
			productName = "FirebaseInAppMessagingSwift-Beta";
		};
		E17678BC2B8EAAD800913490 /* FirebaseInstallations */ = {
			isa = XCSwiftPackageProductDependency;
			package = E17678952B8EAAD700913490 /* XCRemoteSwiftPackageReference "firebase-ios-sdk" */;
			productName = FirebaseInstallations;
		};
		E17678BE2B8EAAD800913490 /* FirebaseMLModelDownloader */ = {
			isa = XCSwiftPackageProductDependency;
			package = E17678952B8EAAD700913490 /* XCRemoteSwiftPackageReference "firebase-ios-sdk" */;
			productName = FirebaseMLModelDownloader;
		};
		E17678C02B8EAAD800913490 /* FirebaseMessaging */ = {
			isa = XCSwiftPackageProductDependency;
			package = E17678952B8EAAD700913490 /* XCRemoteSwiftPackageReference "firebase-ios-sdk" */;
			productName = FirebaseMessaging;
		};
		E17678C22B8EAAD800913490 /* FirebasePerformance */ = {
			isa = XCSwiftPackageProductDependency;
			package = E17678952B8EAAD700913490 /* XCRemoteSwiftPackageReference "firebase-ios-sdk" */;
			productName = FirebasePerformance;
		};
		E17678C42B8EAAD800913490 /* FirebaseRemoteConfig */ = {
			isa = XCSwiftPackageProductDependency;
			package = E17678952B8EAAD700913490 /* XCRemoteSwiftPackageReference "firebase-ios-sdk" */;
			productName = FirebaseRemoteConfig;
		};
		E17678C62B8EAAD800913490 /* FirebaseRemoteConfigSwift */ = {
			isa = XCSwiftPackageProductDependency;
			package = E17678952B8EAAD700913490 /* XCRemoteSwiftPackageReference "firebase-ios-sdk" */;
			productName = FirebaseRemoteConfigSwift;
		};
		E17678C82B8EAAD800913490 /* FirebaseStorage */ = {
			isa = XCSwiftPackageProductDependency;
			package = E17678952B8EAAD700913490 /* XCRemoteSwiftPackageReference "firebase-ios-sdk" */;
			productName = FirebaseStorage;
		};
		E17678CA2B8EAAD800913490 /* FirebaseStorageCombine-Community */ = {
			isa = XCSwiftPackageProductDependency;
			package = E17678952B8EAAD700913490 /* XCRemoteSwiftPackageReference "firebase-ios-sdk" */;
			productName = "FirebaseStorageCombine-Community";
		};
/* End XCSwiftPackageProductDependency section */
	};
	rootObject = E176787C2B8EA44D00913490 /* Project object */;
}
